
Microsoft Visual Studio Solution File, Format Version 12.00
# Visual Studio Version 17
VisualStudioVersion = 17.7.34018.315
MinimumVisualStudioVersion = 10.0.40219.1
Project("{9A19103F-16F7-4668-BE54-9A1E7A4F7556}") = "VendingMachineClient", "VendingMachineClient.csproj", "{A9DB66E4-2F8F-4EFD-9A1A-0BD0CFA505DE}"
EndProject
Global
	GlobalSection(SolutionConfigurationPlatforms) = preSolution
		Debug|Any CPU = Debug|Any CPU
		Release|Any CPU = Release|Any CPU
	EndGlobalSection
	GlobalSection(ProjectConfigurationPlatforms) = postSolution
		{A9DB66E4-2F8F-4EFD-9A1A-0BD0CFA505DE}.Debug|Any CPU.ActiveCfg = Debug|Any CPU
		{A9DB66E4-2F8F-4EFD-9A1A-0BD0CFA505DE}.Debug|Any CPU.Build.0 = Debug|Any CPU
		{A9DB66E4-2F8F-4EFD-9A1A-0BD0CFA505DE}.Release|Any CPU.ActiveCfg = Release|Any CPU
		{A9DB66E4-2F8F-4EFD-9A1A-0BD0CFA505DE}.Release|Any CPU.Build.0 = Release|Any CPU
	EndGlobalSection
	GlobalSection(SolutionProperties) = preSolution
		HideSolutionNode = FALSE
	EndGlobalSection
	GlobalSection(ExtensibilityGlobals) = postSolution
		SolutionGuid = {D56700FF-3C0A-4EC3-ACAE-785CFF0B5546}
	EndGlobalSection
EndGlobal
